
Microsoft Visual Studio Solution File, Format Version 12.00
# Visual Studio 2012
Project("{FAE04EC0-301F-11D3-BF4B-00C04F79EFBC}") = "SwipeCell", "SwipeCell\SwipeCell.csproj", "{734AF65A-B369-42BB-B5A2-50DD92F48540}"
EndProject
Project("{FAE04EC0-301F-11D3-BF4B-00C04F79EFBC}") = "SwipeCell.iOS", "iOS\SwipeCell.iOS.csproj", "{220564B7-9586-4196-8116-B1CD6D9B0101}"
EndProject
Project("{FAE04EC0-301F-11D3-BF4B-00C04F79EFBC}") = "SwipeCell.Droid", "Droid\SwipeCell.Droid.csproj", "{4C364595-919A-4787-9FE5-6DB061F38F28}"
EndProject
Global
	GlobalSection(SolutionConfigurationPlatforms) = preSolution
		Debug|Any CPU = Debug|Any CPU
		Release|Any CPU = Release|Any CPU
		Debug|iPhoneSimulator = Debug|iPhoneSimulator
		Release|iPhone = Release|iPhone
		Release|iPhoneSimulator = Release|iPhoneSimulator
		Debug|iPhone = Debug|iPhone
	EndGlobalSection
	GlobalSection(ProjectConfigurationPlatforms) = postSolution
		{734AF65A-B369-42BB-B5A2-50DD92F48540}.Debug|Any CPU.ActiveCfg = Debug|Any CPU
		{734AF65A-B369-42BB-B5A2-50DD92F48540}.Debug|Any CPU.Build.0 = Debug|Any CPU
		{734AF65A-B369-42BB-B5A2-50DD92F48540}.Release|Any CPU.ActiveCfg = Release|Any CPU
		{734AF65A-B369-42BB-B5A2-50DD92F48540}.Release|Any CPU.Build.0 = Release|Any CPU
		{734AF65A-B369-42BB-B5A2-50DD92F48540}.Debug|iPhoneSimulator.ActiveCfg = Debug|Any CPU
		{734AF65A-B369-42BB-B5A2-50DD92F48540}.Debug|iPhoneSimulator.Build.0 = Debug|Any CPU
		{734AF65A-B369-42BB-B5A2-50DD92F48540}.Release|iPhone.ActiveCfg = Release|Any CPU
		{734AF65A-B369-42BB-B5A2-50DD92F48540}.Release|iPhone.Build.0 = Release|Any CPU
		{734AF65A-B369-42BB-B5A2-50DD92F48540}.Release|iPhoneSimulator.ActiveCfg = Release|Any CPU
		{734AF65A-B369-42BB-B5A2-50DD92F48540}.Release|iPhoneSimulator.Build.0 = Release|Any CPU
		{734AF65A-B369-42BB-B5A2-50DD92F48540}.Debug|iPhone.ActiveCfg = Debug|Any CPU
		{734AF65A-B369-42BB-B5A2-50DD92F48540}.Debug|iPhone.Build.0 = Debug|Any CPU
		{220564B7-9586-4196-8116-B1CD6D9B0101}.Debug|Any CPU.ActiveCfg = Debug|iPhoneSimulator
		{220564B7-9586-4196-8116-B1CD6D9B0101}.Debug|Any CPU.Build.0 = Debug|iPhoneSimulator
		{220564B7-9586-4196-8116-B1CD6D9B0101}.Release|Any CPU.ActiveCfg = Release|iPhone
		{220564B7-9586-4196-8116-B1CD6D9B0101}.Release|Any CPU.Build.0 = Release|iPhone
		{220564B7-9586-4196-8116-B1CD6D9B0101}.Debug|iPhoneSimulator.ActiveCfg = Debug|iPhoneSimulator
		{220564B7-9586-4196-8116-B1CD6D9B0101}.Debug|iPhoneSimulator.Build.0 = Debug|iPhoneSimulator
		{220564B7-9586-4196-8116-B1CD6D9B0101}.Release|iPhone.ActiveCfg = Release|iPhone
		{220564B7-9586-4196-8116-B1CD6D9B0101}.Release|iPhone.Build.0 = Release|iPhone
		{220564B7-9586-4196-8116-B1CD6D9B0101}.Release|iPhoneSimulator.ActiveCfg = Release|iPhoneSimulator
		{220564B7-9586-4196-8116-B1CD6D9B0101}.Release|iPhoneSimulator.Build.0 = Release|iPhoneSimulator
		{220564B7-9586-4196-8116-B1CD6D9B0101}.Debug|iPhone.ActiveCfg = Debug|iPhone
		{220564B7-9586-4196-8116-B1CD6D9B0101}.Debug|iPhone.Build.0 = Debug|iPhone
		{4C364595-919A-4787-9FE5-6DB061F38F28}.Debug|Any CPU.ActiveCfg = Debug|Any CPU
		{4C364595-919A-4787-9FE5-6DB061F38F28}.Debug|Any CPU.Build.0 = Debug|Any CPU
		{4C364595-919A-4787-9FE5-6DB061F38F28}.Release|Any CPU.ActiveCfg = Release|Any CPU
		{4C364595-919A-4787-9FE5-6DB061F38F28}.Release|Any CPU.Build.0 = Release|Any CPU
		{4C364595-919A-4787-9FE5-6DB061F38F28}.Debug|iPhoneSimulator.ActiveCfg = Debug|Any CPU
		{4C364595-919A-4787-9FE5-6DB061F38F28}.Debug|iPhoneSimulator.Build.0 = Debug|Any CPU
		{4C364595-919A-4787-9FE5-6DB061F38F28}.Release|iPhone.ActiveCfg = Release|Any CPU
		{4C364595-919A-4787-9FE5-6DB061F38F28}.Release|iPhone.Build.0 = Release|Any CPU
		{4C364595-919A-4787-9FE5-6DB061F38F28}.Release|iPhoneSimulator.ActiveCfg = Release|Any CPU
		{4C364595-919A-4787-9FE5-6DB061F38F28}.Release|iPhoneSimulator.Build.0 = Release|Any CPU
		{4C364595-919A-4787-9FE5-6DB061F38F28}.Debug|iPhone.ActiveCfg = Debug|Any CPU
		{4C364595-919A-4787-9FE5-6DB061F38F28}.Debug|iPhone.Build.0 = Debug|Any CPU
	EndGlobalSection
	GlobalSection(MonoDevelopProperties) = preSolution
		Policies = $0
		$0.DotNetNamingPolicy = $1
		$1.DirectoryNamespaceAssociation = PrefixedHierarchical
	EndGlobalSection
EndGlobal
